
Microsoft Visual Studio Solution File, Format Version 12.00
# Visual Studio Version 17
VisualStudioVersion = 17.6.33712.159
MinimumVisualStudioVersion = 10.0.40219.1
Project("{54A90642-561A-4BB1-A94E-469ADEE60C69}") = "reactapp", "reactapp\reactapp.esproj", "{6DEE6F1E-0452-4A22-A732-6D3E18025C02}"
EndProject
Project("{9A19103F-16F7-4668-BE54-9A1E7A4F7556}") = "webapi", "webapi\webapi.csproj", "{7EEA89C2-45A6-49D8-A943-E6161285E7A0}"
EndProject
Project("{2150E333-8FDC-42A3-9474-1A3956D46DE8}") = "1.Client", "1.Client", "{019C5583-19D6-4792-82E7-D121AD65956E}"
EndProject
Project("{2150E333-8FDC-42A3-9474-1A3956D46DE8}") = "2.Backend", "2.Backend", "{0E1372CA-C101-4070-9B6F-855BAE8353AE}"
EndProject
Project("{2150E333-8FDC-42A3-9474-1A3956D46DE8}") = "1.API", "1.API", "{992827D3-A736-490C-9E5C-EB184842457E}"
EndProject
Project("{2150E333-8FDC-42A3-9474-1A3956D46DE8}") = "3.Domain", "3.Domain", "{FD7B693A-C3D3-454A-B411-20BBE81773B7}"
EndProject
Project("{2150E333-8FDC-42A3-9474-1A3956D46DE8}") = "4.Infrastructure", "4.Infrastructure", "{5355C5B2-748C-4628-9D01-110C2A480CE0}"
EndProject
Project("{2150E333-8FDC-42A3-9474-1A3956D46DE8}") = "5.Entities", "5.Entities", "{77933F40-223A-46B0-BADC-157CBD136322}"
EndProject
Project("{9A19103F-16F7-4668-BE54-9A1E7A4F7556}") = "Sana.Store.Infrastructure", "Sana.Store.Infrastructure\Sana.Store.Infrastructure.csproj", "{4150656C-EE0B-49DA-B45C-10718DAD30D9}"
EndProject
Project("{2150E333-8FDC-42A3-9474-1A3956D46DE8}") = "2.Application", "2.Application", "{C079CE24-C025-4B0A-9BF5-9F77C00B4DD4}"
EndProject
Project("{9A19103F-16F7-4668-BE54-9A1E7A4F7556}") = "Sana.Store.Application", "Sana.Store.Application\Sana.Store.Application.csproj", "{63D1F374-F8E3-4B2E-B65A-FABDD8DEEFBD}"
EndProject
Project("{9A19103F-16F7-4668-BE54-9A1E7A4F7556}") = "Sana.Store.Domain", "Sana.Store.Domain\Sana.Store.Domain.csproj", "{CE9E9E18-0887-4185-A133-421EF5E0EA97}"
EndProject
Project("{FAE04EC0-301F-11D3-BF4B-00C04F79EFBC}") = "Sana.Store.Entities", "Sana.Store.Entities\Sana.Store.Entities.csproj", "{FB8B4977-9984-4A97-834A-091F3EE837F8}"
EndProject
Global
	GlobalSection(SolutionConfigurationPlatforms) = preSolution
		Debug|Any CPU = Debug|Any CPU
		Release|Any CPU = Release|Any CPU
	EndGlobalSection
	GlobalSection(ProjectConfigurationPlatforms) = postSolution
		{6DEE6F1E-0452-4A22-A732-6D3E18025C02}.Debug|Any CPU.ActiveCfg = Debug|Any CPU
		{6DEE6F1E-0452-4A22-A732-6D3E18025C02}.Debug|Any CPU.Build.0 = Debug|Any CPU
		{6DEE6F1E-0452-4A22-A732-6D3E18025C02}.Debug|Any CPU.Deploy.0 = Debug|Any CPU
		{6DEE6F1E-0452-4A22-A732-6D3E18025C02}.Release|Any CPU.ActiveCfg = Release|Any CPU
		{6DEE6F1E-0452-4A22-A732-6D3E18025C02}.Release|Any CPU.Build.0 = Release|Any CPU
		{6DEE6F1E-0452-4A22-A732-6D3E18025C02}.Release|Any CPU.Deploy.0 = Release|Any CPU
		{7EEA89C2-45A6-49D8-A943-E6161285E7A0}.Debug|Any CPU.ActiveCfg = Debug|Any CPU
		{7EEA89C2-45A6-49D8-A943-E6161285E7A0}.Debug|Any CPU.Build.0 = Debug|Any CPU
		{7EEA89C2-45A6-49D8-A943-E6161285E7A0}.Release|Any CPU.ActiveCfg = Release|Any CPU
		{7EEA89C2-45A6-49D8-A943-E6161285E7A0}.Release|Any CPU.Build.0 = Release|Any CPU
		{4150656C-EE0B-49DA-B45C-10718DAD30D9}.Debug|Any CPU.ActiveCfg = Debug|Any CPU
		{4150656C-EE0B-49DA-B45C-10718DAD30D9}.Debug|Any CPU.Build.0 = Debug|Any CPU
		{4150656C-EE0B-49DA-B45C-10718DAD30D9}.Release|Any CPU.ActiveCfg = Release|Any CPU
		{4150656C-EE0B-49DA-B45C-10718DAD30D9}.Release|Any CPU.Build.0 = Release|Any CPU
		{63D1F374-F8E3-4B2E-B65A-FABDD8DEEFBD}.Debug|Any CPU.ActiveCfg = Debug|Any CPU
		{63D1F374-F8E3-4B2E-B65A-FABDD8DEEFBD}.Debug|Any CPU.Build.0 = Debug|Any CPU
		{63D1F374-F8E3-4B2E-B65A-FABDD8DEEFBD}.Release|Any CPU.ActiveCfg = Release|Any CPU
		{63D1F374-F8E3-4B2E-B65A-FABDD8DEEFBD}.Release|Any CPU.Build.0 = Release|Any CPU
		{CE9E9E18-0887-4185-A133-421EF5E0EA97}.Debug|Any CPU.ActiveCfg = Debug|Any CPU
		{CE9E9E18-0887-4185-A133-421EF5E0EA97}.Debug|Any CPU.Build.0 = Debug|Any CPU
		{CE9E9E18-0887-4185-A133-421EF5E0EA97}.Release|Any CPU.ActiveCfg = Release|Any CPU
		{CE9E9E18-0887-4185-A133-421EF5E0EA97}.Release|Any CPU.Build.0 = Release|Any CPU
		{FB8B4977-9984-4A97-834A-091F3EE837F8}.Debug|Any CPU.ActiveCfg = Debug|Any CPU
		{FB8B4977-9984-4A97-834A-091F3EE837F8}.Debug|Any CPU.Build.0 = Debug|Any CPU
		{FB8B4977-9984-4A97-834A-091F3EE837F8}.Release|Any CPU.ActiveCfg = Release|Any CPU
		{FB8B4977-9984-4A97-834A-091F3EE837F8}.Release|Any CPU.Build.0 = Release|Any CPU
	EndGlobalSection
	GlobalSection(SolutionProperties) = preSolution
		HideSolutionNode = FALSE
	EndGlobalSection
	GlobalSection(NestedProjects) = preSolution
		{6DEE6F1E-0452-4A22-A732-6D3E18025C02} = {019C5583-19D6-4792-82E7-D121AD65956E}
		{7EEA89C2-45A6-49D8-A943-E6161285E7A0} = {992827D3-A736-490C-9E5C-EB184842457E}
		{992827D3-A736-490C-9E5C-EB184842457E} = {0E1372CA-C101-4070-9B6F-855BAE8353AE}
		{FD7B693A-C3D3-454A-B411-20BBE81773B7} = {0E1372CA-C101-4070-9B6F-855BAE8353AE}
		{5355C5B2-748C-4628-9D01-110C2A480CE0} = {0E1372CA-C101-4070-9B6F-855BAE8353AE}
		{77933F40-223A-46B0-BADC-157CBD136322} = {0E1372CA-C101-4070-9B6F-855BAE8353AE}
		{4150656C-EE0B-49DA-B45C-10718DAD30D9} = {5355C5B2-748C-4628-9D01-110C2A480CE0}
		{C079CE24-C025-4B0A-9BF5-9F77C00B4DD4} = {0E1372CA-C101-4070-9B6F-855BAE8353AE}
		{63D1F374-F8E3-4B2E-B65A-FABDD8DEEFBD} = {C079CE24-C025-4B0A-9BF5-9F77C00B4DD4}
		{CE9E9E18-0887-4185-A133-421EF5E0EA97} = {FD7B693A-C3D3-454A-B411-20BBE81773B7}
		{FB8B4977-9984-4A97-834A-091F3EE837F8} = {77933F40-223A-46B0-BADC-157CBD136322}
	EndGlobalSection
	GlobalSection(ExtensibilityGlobals) = postSolution
		SolutionGuid = {A8736FE3-052B-44E9-9603-0C7B32DE6924}
	EndGlobalSection
EndGlobal
